// !$*UTF8*$!
{
	archiveVersion = 1;
	classes = {
	};
	objectVersion = 56;
	objects = {

/* Begin PBXBuildFile section */
		5A136D932B6C821E001DD7DF /* FitConnectApp.swift in Sources */ = {isa = PBXBuildFile; fileRef = 5A136D922B6C821E001DD7DF /* FitConnectApp.swift */; };
		5A136D952B6C821E001DD7DF /* ContentView.swift in Sources */ = {isa = PBXBuildFile; fileRef = 5A136D942B6C821E001DD7DF /* ContentView.swift */; };
		5A136D972B6C821F001DD7DF /* Assets.xcassets in Resources */ = {isa = PBXBuildFile; fileRef = 5A136D962B6C821F001DD7DF /* Assets.xcassets */; };
		5A136D9A2B6C821F001DD7DF /* Preview Assets.xcassets in Resources */ = {isa = PBXBuildFile; fileRef = 5A136D992B6C821F001DD7DF /* Preview Assets.xcassets */; };
		5A136DA42B6C821F001DD7DF /* FitConnectTests.swift in Sources */ = {isa = PBXBuildFile; fileRef = 5A136DA32B6C821F001DD7DF /* FitConnectTests.swift */; };
		5A136DAE2B6C821F001DD7DF /* FitConnectUITests.swift in Sources */ = {isa = PBXBuildFile; fileRef = 5A136DAD2B6C821F001DD7DF /* FitConnectUITests.swift */; };
		5A136DB02B6C821F001DD7DF /* FitConnectUITestsLaunchTests.swift in Sources */ = {isa = PBXBuildFile; fileRef = 5A136DAF2B6C821F001DD7DF /* FitConnectUITestsLaunchTests.swift */; };
		5A136DC12B6C856A001DD7DF /* FirebaseAnalytics in Frameworks */ = {isa = PBXBuildFile; productRef = 5A136DC02B6C856A001DD7DF /* FirebaseAnalytics */; };
		5A136DC32B6C856A001DD7DF /* FirebaseAnalyticsSwift in Frameworks */ = {isa = PBXBuildFile; productRef = 5A136DC22B6C856A001DD7DF /* FirebaseAnalyticsSwift */; };
		5A136DC52B6C856A001DD7DF /* FirebaseAuth in Frameworks */ = {isa = PBXBuildFile; productRef = 5A136DC42B6C856A001DD7DF /* FirebaseAuth */; };
		5A136DC72B6C856A001DD7DF /* FirebaseFirestore in Frameworks */ = {isa = PBXBuildFile; productRef = 5A136DC62B6C856A001DD7DF /* FirebaseFirestore */; };
		5A136DCC2B6C9DAD001DD7DF /* Login.swift in Sources */ = {isa = PBXBuildFile; fileRef = 5A136DCB2B6C9DAD001DD7DF /* Login.swift */; };
		5A136DCE2B6D25CF001DD7DF /* Register.swift in Sources */ = {isa = PBXBuildFile; fileRef = 5A136DCD2B6D25CF001DD7DF /* Register.swift */; };
		5A136E072B6D4578001DD7DF /* Color+Hex.swift in Sources */ = {isa = PBXBuildFile; fileRef = 5A136E062B6D4578001DD7DF /* Color+Hex.swift */; };
		5A136E0A2B6D47D0001DD7DF /* SplashScreen.swift in Sources */ = {isa = PBXBuildFile; fileRef = 5A136E092B6D47D0001DD7DF /* SplashScreen.swift */; };
		5A20FB6E2B83F8FA0086E00D /* AddMacro.swift in Sources */ = {isa = PBXBuildFile; fileRef = 5A20FB6D2B83F8FA0086E00D /* AddMacro.swift */; };
		5A20FB702B8414C20086E00D /* CircularProgressBar.swift in Sources */ = {isa = PBXBuildFile; fileRef = 5A20FB6F2B8414C20086E00D /* CircularProgressBar.swift */; };
		5A20FB722B8419DA0086E00D /*  FitConnectData.swift in Sources */ = {isa = PBXBuildFile; fileRef = 5A20FB712B8419DA0086E00D /*  FitConnectData.swift */; };
		5A3C618D2B76935C0051DB9C /* UserState.swift in Sources */ = {isa = PBXBuildFile; fileRef = 5A3C618C2B76935C0051DB9C /* UserState.swift */; };
		5A7967692B96D40C0081C881 /* MacroLimit.swift in Sources */ = {isa = PBXBuildFile; fileRef = 5A7967682B96D40C0081C881 /* MacroLimit.swift */; };
		5A8ECB202B7DC72600D43B74 /* MacroRequestModel.swift in Sources */ = {isa = PBXBuildFile; fileRef = 5A8ECB1F2B7DC72600D43B74 /* MacroRequestModel.swift */; };
		5A8ECB222B7DC73700D43B74 /* MacroResponseModel.swift in Sources */ = {isa = PBXBuildFile; fileRef = 5A8ECB212B7DC73700D43B74 /* MacroResponseModel.swift */; };
		5A8ECB252B7DC7B300D43B74 /* MacroOpenAIService.swift in Sources */ = {isa = PBXBuildFile; fileRef = 5A8ECB242B7DC7B300D43B74 /* MacroOpenAIService.swift */; };
		5A8ECB272B7DC7DC00D43B74 /* Secrets.swift in Sources */ = {isa = PBXBuildFile; fileRef = 5A8ECB262B7DC7DC00D43B74 /* Secrets.swift */; };
		5A8ECB292B7DD36000D43B74 /* Formatter.swift in Sources */ = {isa = PBXBuildFile; fileRef = 5A8ECB282B7DD36000D43B74 /* Formatter.swift */; };
		5A8ECB2B2B7DD6E600D43B74 /* MacroView.swift in Sources */ = {isa = PBXBuildFile; fileRef = 5A8ECB2A2B7DD6E600D43B74 /* MacroView.swift */; };
		5AAD40B82B912575005D13B5 /* UserValues.swift in Sources */ = {isa = PBXBuildFile; fileRef = 5AAD40B72B912575005D13B5 /* UserValues.swift */; };
		5AAD40BC2B9196EA005D13B5 /* .gitignore in Resources */ = {isa = PBXBuildFile; fileRef = 5AAD40BB2B9196EA005D13B5 /* .gitignore */; };
		5AB378B12B6ECD1F0019B1D7 /* FCTextField.swift in Sources */ = {isa = PBXBuildFile; fileRef = 5AB378B02B6ECD1E0019B1D7 /* FCTextField.swift */; };
		5AB378B42B6F3BAB0019B1D7 /* Dashboard.swift in Sources */ = {isa = PBXBuildFile; fileRef = 5AB378B32B6F3BAB0019B1D7 /* Dashboard.swift */; };
		5AB712DD2BA617E5000E4E89 /* DailyView.swift in Sources */ = {isa = PBXBuildFile; fileRef = 5AB712DC2BA617E5000E4E89 /* DailyView.swift */; };
		5AB712DF2BA618E6000E4E89 /* WeeklyView.swift in Sources */ = {isa = PBXBuildFile; fileRef = 5AB712DE2BA618E6000E4E89 /* WeeklyView.swift */; };
		5AB712E12BA61923000E4E89 /* MonthlyView.swift in Sources */ = {isa = PBXBuildFile; fileRef = 5AB712E02BA61923000E4E89 /* MonthlyView.swift */; };
		5AB712E42BA639B5000E4E89 /* ChartViewWrapper.swift in Sources */ = {isa = PBXBuildFile; fileRef = 5AB712E32BA639B5000E4E89 /* ChartViewWrapper.swift */; };
		5AFC35BE2BAA8A8700831B27 /* WeightTracker.swift in Sources */ = {isa = PBXBuildFile; fileRef = 5AFC35BD2BAA8A8700831B27 /* WeightTracker.swift */; };
		5AFC35C02BAA8BF900831B27 /* AddWeight.swift in Sources */ = {isa = PBXBuildFile; fileRef = 5AFC35BF2BAA8BF900831B27 /* AddWeight.swift */; };
		7D113AD42BAE1AB000F9ABA2 /* ChatBotView.swift in Sources */ = {isa = PBXBuildFile; fileRef = 7D113AD32BAE1AB000F9ABA2 /* ChatBotView.swift */; };
		7D113AD62BAE1BAF00F9ABA2 /* OpenAI in Frameworks */ = {isa = PBXBuildFile; productRef = 7D113AD52BAE1BAF00F9ABA2 /* OpenAI */; };
		7D26068A2BA93576003982B4 /* ChartView.swift in Sources */ = {isa = PBXBuildFile; fileRef = 7D2606892BA93576003982B4 /* ChartView.swift */; };
		7D48BCC62BA28365009A0CE8 /* UserProfileView.swift in Sources */ = {isa = PBXBuildFile; fileRef = 7D48BCC52BA28365009A0CE8 /* UserProfileView.swift */; };
		7D48BCC82BA2853D009A0CE8 /* UpdateProfileView.swift in Sources */ = {isa = PBXBuildFile; fileRef = 7D48BCC72BA2853D009A0CE8 /* UpdateProfileView.swift */; };
		7D5BE0CA2BB11DF500DB9991 /* TotalActivityPage.swift in Sources */ = {isa = PBXBuildFile; fileRef = 7D5BE0C92BB11DF500DB9991 /* TotalActivityPage.swift */; };
		7DB011AC2B994E3E00235245 /* IndexView.swift in Sources */ = {isa = PBXBuildFile; fileRef = 7DB011AB2B994E3E00235245 /* IndexView.swift */; };
		7DB011AE2B994E6B00235245 /* DetailView.swift in Sources */ = {isa = PBXBuildFile; fileRef = 7DB011AD2B994E6B00235245 /* DetailView.swift */; };
		7DB011B02B994E8400235245 /* CardView.swift in Sources */ = {isa = PBXBuildFile; fileRef = 7DB011AF2B994E8400235245 /* CardView.swift */; };
		7DB011B22B994E9A00235245 /* Data.swift in Sources */ = {isa = PBXBuildFile; fileRef = 7DB011B12B994E9A00235245 /* Data.swift */; };
		7DB011B52B99516D00235245 /* YTView.swift in Sources */ = {isa = PBXBuildFile; fileRef = 7DB011B42B99516D00235245 /* YTView.swift */; };
		7DED4B5D2B7DADAD0017935F /* HomeView.swift in Sources */ = {isa = PBXBuildFile; fileRef = 7DED4B5C2B7DADAD0017935F /* HomeView.swift */; };
		7DED4B5F2B7DAE340017935F /* UserView.swift in Sources */ = {isa = PBXBuildFile; fileRef = 7DED4B5E2B7DAE340017935F /* UserView.swift */; };
		7DED4B612B7DAE410017935F /* ActivityView.swift in Sources */ = {isa = PBXBuildFile; fileRef = 7DED4B602B7DAE410017935F /* ActivityView.swift */; };
		7DED4B632B7DAEB10017935F /* AppTabView.swift in Sources */ = {isa = PBXBuildFile; fileRef = 7DED4B622B7DAEB10017935F /* AppTabView.swift */; };
		7DED4B662B7DAFC90017935F /* ActivityCard.swift in Sources */ = {isa = PBXBuildFile; fileRef = 7DED4B652B7DAFC90017935F /* ActivityCard.swift */; };
		7DED4B692B7DB6790017935F /* HealthManager.swift in Sources */ = {isa = PBXBuildFile; fileRef = 7DED4B682B7DB6790017935F /* HealthManager.swift */; };
		E021D34C2B731E6D00F700D1 /* GoogleService-Info.plist in Resources */ = {isa = PBXBuildFile; fileRef = E021D34B2B731E6D00F700D1 /* GoogleService-Info.plist */; };
/* End PBXBuildFile section */

/* Begin PBXContainerItemProxy section */
		5A136DA02B6C821F001DD7DF /* PBXContainerItemProxy */ = {
			isa = PBXContainerItemProxy;
			containerPortal = 5A136D872B6C821E001DD7DF /* Project object */;
			proxyType = 1;
			remoteGlobalIDString = 5A136D8E2B6C821E001DD7DF;
			remoteInfo = FitConnect;
		};
		5A136DAA2B6C821F001DD7DF /* PBXContainerItemProxy */ = {
			isa = PBXContainerItemProxy;
			containerPortal = 5A136D872B6C821E001DD7DF /* Project object */;
			proxyType = 1;
			remoteGlobalIDString = 5A136D8E2B6C821E001DD7DF;
			remoteInfo = FitConnect;
		};
/* End PBXContainerItemProxy section */

/* Begin PBXFileReference section */
		5A136D8F2B6C821E001DD7DF /* FitConnect.app */ = {isa = PBXFileReference; explicitFileType = wrapper.application; includeInIndex = 0; path = FitConnect.app; sourceTree = BUILT_PRODUCTS_DIR; };
		5A136D922B6C821E001DD7DF /* FitConnectApp.swift */ = {isa = PBXFileReference; lastKnownFileType = sourcecode.swift; path = FitConnectApp.swift; sourceTree = "<group>"; };
		5A136D942B6C821E001DD7DF /* ContentView.swift */ = {isa = PBXFileReference; lastKnownFileType = sourcecode.swift; path = ContentView.swift; sourceTree = "<group>"; };
		5A136D962B6C821F001DD7DF /* Assets.xcassets */ = {isa = PBXFileReference; lastKnownFileType = folder.assetcatalog; path = Assets.xcassets; sourceTree = "<group>"; };
		5A136D992B6C821F001DD7DF /* Preview Assets.xcassets */ = {isa = PBXFileReference; lastKnownFileType = folder.assetcatalog; path = "Preview Assets.xcassets"; sourceTree = "<group>"; };
		5A136D9F2B6C821F001DD7DF /* FitConnectTests.xctest */ = {isa = PBXFileReference; explicitFileType = wrapper.cfbundle; includeInIndex = 0; path = FitConnectTests.xctest; sourceTree = BUILT_PRODUCTS_DIR; };
		5A136DA32B6C821F001DD7DF /* FitConnectTests.swift */ = {isa = PBXFileReference; lastKnownFileType = sourcecode.swift; path = FitConnectTests.swift; sourceTree = "<group>"; };
		5A136DA92B6C821F001DD7DF /* FitConnectUITests.xctest */ = {isa = PBXFileReference; explicitFileType = wrapper.cfbundle; includeInIndex = 0; path = FitConnectUITests.xctest; sourceTree = BUILT_PRODUCTS_DIR; };
		5A136DAD2B6C821F001DD7DF /* FitConnectUITests.swift */ = {isa = PBXFileReference; lastKnownFileType = sourcecode.swift; path = FitConnectUITests.swift; sourceTree = "<group>"; };
		5A136DAF2B6C821F001DD7DF /* FitConnectUITestsLaunchTests.swift */ = {isa = PBXFileReference; lastKnownFileType = sourcecode.swift; path = FitConnectUITestsLaunchTests.swift; sourceTree = "<group>"; };
		5A136DCB2B6C9DAD001DD7DF /* Login.swift */ = {isa = PBXFileReference; lastKnownFileType = sourcecode.swift; path = Login.swift; sourceTree = "<group>"; };
		5A136DCD2B6D25CF001DD7DF /* Register.swift */ = {isa = PBXFileReference; lastKnownFileType = sourcecode.swift; path = Register.swift; sourceTree = "<group>"; };
		5A136E062B6D4578001DD7DF /* Color+Hex.swift */ = {isa = PBXFileReference; lastKnownFileType = sourcecode.swift; path = "Color+Hex.swift"; sourceTree = "<group>"; };
		5A136E092B6D47D0001DD7DF /* SplashScreen.swift */ = {isa = PBXFileReference; lastKnownFileType = sourcecode.swift; path = SplashScreen.swift; sourceTree = "<group>"; };
		5A20FB6D2B83F8FA0086E00D /* AddMacro.swift */ = {isa = PBXFileReference; lastKnownFileType = sourcecode.swift; path = AddMacro.swift; sourceTree = "<group>"; };
		5A20FB6F2B8414C20086E00D /* CircularProgressBar.swift */ = {isa = PBXFileReference; lastKnownFileType = sourcecode.swift; path = CircularProgressBar.swift; sourceTree = "<group>"; };
		5A20FB712B8419DA0086E00D /*  FitConnectData.swift */ = {isa = PBXFileReference; lastKnownFileType = sourcecode.swift; path = " FitConnectData.swift"; sourceTree = "<group>"; };
		5A3C618C2B76935C0051DB9C /* UserState.swift */ = {isa = PBXFileReference; lastKnownFileType = sourcecode.swift; path = UserState.swift; sourceTree = "<group>"; };
		5A7967682B96D40C0081C881 /* MacroLimit.swift */ = {isa = PBXFileReference; lastKnownFileType = sourcecode.swift; path = MacroLimit.swift; sourceTree = "<group>"; };
		5A8ECB1F2B7DC72600D43B74 /* MacroRequestModel.swift */ = {isa = PBXFileReference; lastKnownFileType = sourcecode.swift; path = MacroRequestModel.swift; sourceTree = "<group>"; };
		5A8ECB212B7DC73700D43B74 /* MacroResponseModel.swift */ = {isa = PBXFileReference; lastKnownFileType = sourcecode.swift; path = MacroResponseModel.swift; sourceTree = "<group>"; };
		5A8ECB242B7DC7B300D43B74 /* MacroOpenAIService.swift */ = {isa = PBXFileReference; lastKnownFileType = sourcecode.swift; path = MacroOpenAIService.swift; sourceTree = "<group>"; };
		5A8ECB262B7DC7DC00D43B74 /* Secrets.swift */ = {isa = PBXFileReference; lastKnownFileType = sourcecode.swift; path = Secrets.swift; sourceTree = "<group>"; };
		5A8ECB282B7DD36000D43B74 /* Formatter.swift */ = {isa = PBXFileReference; lastKnownFileType = sourcecode.swift; path = Formatter.swift; sourceTree = "<group>"; };
		5A8ECB2A2B7DD6E600D43B74 /* MacroView.swift */ = {isa = PBXFileReference; lastKnownFileType = sourcecode.swift; path = MacroView.swift; sourceTree = "<group>"; };
		5AAD40B72B912575005D13B5 /* UserValues.swift */ = {isa = PBXFileReference; lastKnownFileType = sourcecode.swift; path = UserValues.swift; sourceTree = "<group>"; };
		5AAD40BB2B9196EA005D13B5 /* .gitignore */ = {isa = PBXFileReference; lastKnownFileType = text; path = .gitignore; sourceTree = "<group>"; };
		5AB378B02B6ECD1E0019B1D7 /* FCTextField.swift */ = {isa = PBXFileReference; lastKnownFileType = sourcecode.swift; path = FCTextField.swift; sourceTree = "<group>"; };
		5AB378B32B6F3BAB0019B1D7 /* Dashboard.swift */ = {isa = PBXFileReference; lastKnownFileType = sourcecode.swift; path = Dashboard.swift; sourceTree = "<group>"; };
		5AB712DC2BA617E5000E4E89 /* DailyView.swift */ = {isa = PBXFileReference; lastKnownFileType = sourcecode.swift; path = DailyView.swift; sourceTree = "<group>"; };
		5AB712DE2BA618E6000E4E89 /* WeeklyView.swift */ = {isa = PBXFileReference; lastKnownFileType = sourcecode.swift; path = WeeklyView.swift; sourceTree = "<group>"; };
		5AB712E02BA61923000E4E89 /* MonthlyView.swift */ = {isa = PBXFileReference; lastKnownFileType = sourcecode.swift; path = MonthlyView.swift; sourceTree = "<group>"; };
		5AB712E32BA639B5000E4E89 /* ChartViewWrapper.swift */ = {isa = PBXFileReference; lastKnownFileType = sourcecode.swift; path = ChartViewWrapper.swift; sourceTree = "<group>"; };
		5AFC35BD2BAA8A8700831B27 /* WeightTracker.swift */ = {isa = PBXFileReference; lastKnownFileType = sourcecode.swift; path = WeightTracker.swift; sourceTree = "<group>"; };
		5AFC35BF2BAA8BF900831B27 /* AddWeight.swift */ = {isa = PBXFileReference; lastKnownFileType = sourcecode.swift; path = AddWeight.swift; sourceTree = "<group>"; };
		7D113AD32BAE1AB000F9ABA2 /* ChatBotView.swift */ = {isa = PBXFileReference; lastKnownFileType = sourcecode.swift; path = ChatBotView.swift; sourceTree = "<group>"; };
		7D2606892BA93576003982B4 /* ChartView.swift */ = {isa = PBXFileReference; lastKnownFileType = sourcecode.swift; path = ChartView.swift; sourceTree = "<group>"; };
		7D48BCC52BA28365009A0CE8 /* UserProfileView.swift */ = {isa = PBXFileReference; lastKnownFileType = sourcecode.swift; path = UserProfileView.swift; sourceTree = "<group>"; };
		7D48BCC72BA2853D009A0CE8 /* UpdateProfileView.swift */ = {isa = PBXFileReference; lastKnownFileType = sourcecode.swift; path = UpdateProfileView.swift; sourceTree = "<group>"; };
		7D5BE0C92BB11DF500DB9991 /* TotalActivityPage.swift */ = {isa = PBXFileReference; lastKnownFileType = sourcecode.swift; path = TotalActivityPage.swift; sourceTree = "<group>"; };
		7DB011AB2B994E3E00235245 /* IndexView.swift */ = {isa = PBXFileReference; lastKnownFileType = sourcecode.swift; path = IndexView.swift; sourceTree = "<group>"; };
		7DB011AD2B994E6B00235245 /* DetailView.swift */ = {isa = PBXFileReference; lastKnownFileType = sourcecode.swift; path = DetailView.swift; sourceTree = "<group>"; };
		7DB011AF2B994E8400235245 /* CardView.swift */ = {isa = PBXFileReference; lastKnownFileType = sourcecode.swift; path = CardView.swift; sourceTree = "<group>"; };
		7DB011B12B994E9A00235245 /* Data.swift */ = {isa = PBXFileReference; lastKnownFileType = sourcecode.swift; path = Data.swift; sourceTree = "<group>"; };
		7DB011B32B994EFA00235245 /* Info.plist */ = {isa = PBXFileReference; lastKnownFileType = text.plist; path = Info.plist; sourceTree = "<group>"; };
		7DB011B42B99516D00235245 /* YTView.swift */ = {isa = PBXFileReference; lastKnownFileType = sourcecode.swift; path = YTView.swift; sourceTree = "<group>"; };
		7DED4B5C2B7DADAD0017935F /* HomeView.swift */ = {isa = PBXFileReference; lastKnownFileType = sourcecode.swift; path = HomeView.swift; sourceTree = "<group>"; };
		7DED4B5E2B7DAE340017935F /* UserView.swift */ = {isa = PBXFileReference; lastKnownFileType = sourcecode.swift; path = UserView.swift; sourceTree = "<group>"; };
		7DED4B602B7DAE410017935F /* ActivityView.swift */ = {isa = PBXFileReference; lastKnownFileType = sourcecode.swift; path = ActivityView.swift; sourceTree = "<group>"; };
		7DED4B622B7DAEB10017935F /* AppTabView.swift */ = {isa = PBXFileReference; lastKnownFileType = sourcecode.swift; path = AppTabView.swift; sourceTree = "<group>"; };
		7DED4B652B7DAFC90017935F /* ActivityCard.swift */ = {isa = PBXFileReference; lastKnownFileType = sourcecode.swift; path = ActivityCard.swift; sourceTree = "<group>"; };
		7DED4B682B7DB6790017935F /* HealthManager.swift */ = {isa = PBXFileReference; lastKnownFileType = sourcecode.swift; path = HealthManager.swift; sourceTree = "<group>"; };
		7DED4B6A2B7DB7C50017935F /* FitConnect.entitlements */ = {isa = PBXFileReference; lastKnownFileType = text.plist.entitlements; path = FitConnect.entitlements; sourceTree = "<group>"; };
		E021D34B2B731E6D00F700D1 /* GoogleService-Info.plist */ = {isa = PBXFileReference; fileEncoding = 4; lastKnownFileType = text.plist.xml; path = "GoogleService-Info.plist"; sourceTree = "<group>"; };
/* End PBXFileReference section */

/* Begin PBXFrameworksBuildPhase section */
		5A136D8C2B6C821E001DD7DF /* Frameworks */ = {
			isa = PBXFrameworksBuildPhase;
			buildActionMask = 2147483647;
			files = (
				7D113AD62BAE1BAF00F9ABA2 /* OpenAI in Frameworks */,
				5A136DC32B6C856A001DD7DF /* FirebaseAnalyticsSwift in Frameworks */,
				5A136DC72B6C856A001DD7DF /* FirebaseFirestore in Frameworks */,
				5A136DC52B6C856A001DD7DF /* FirebaseAuth in Frameworks */,
				5A136DC12B6C856A001DD7DF /* FirebaseAnalytics in Frameworks */,
			);
			runOnlyForDeploymentPostprocessing = 0;
		};
		5A136D9C2B6C821F001DD7DF /* Frameworks */ = {
			isa = PBXFrameworksBuildPhase;
			buildActionMask = 2147483647;
			files = (
			);
			runOnlyForDeploymentPostprocessing = 0;
		};
		5A136DA62B6C821F001DD7DF /* Frameworks */ = {
			isa = PBXFrameworksBuildPhase;
			buildActionMask = 2147483647;
			files = (
			);
			runOnlyForDeploymentPostprocessing = 0;
		};
/* End PBXFrameworksBuildPhase section */

/* Begin PBXGroup section */
		5A136D862B6C821E001DD7DF = {
			isa = PBXGroup;
			children = (
				5A136D912B6C821E001DD7DF /* FitConnect */,
				5A136DA22B6C821F001DD7DF /* FitConnectTests */,
				5A136DAC2B6C821F001DD7DF /* FitConnectUITests */,
				5A136D902B6C821E001DD7DF /* Products */,
			);
			sourceTree = "<group>";
		};
		5A136D902B6C821E001DD7DF /* Products */ = {
			isa = PBXGroup;
			children = (
				5A136D8F2B6C821E001DD7DF /* FitConnect.app */,
				5A136D9F2B6C821F001DD7DF /* FitConnectTests.xctest */,
				5A136DA92B6C821F001DD7DF /* FitConnectUITests.xctest */,
			);
			name = Products;
			sourceTree = "<group>";
		};
		5A136D912B6C821E001DD7DF /* FitConnect */ = {
			isa = PBXGroup;
			children = (
				7DB011B32B994EFA00235245 /* Info.plist */,
				5A8ECB232B7DC76E00D43B74 /* Services */,
				7DED4B6A2B7DB7C50017935F /* FitConnect.entitlements */,
				5A3C618B2B76934A0051DB9C /* Class */,
				5AB378AF2B6ECD010019B1D7 /* Shared */,
				5A136E052B6D4566001DD7DF /* Utilities */,
				5A136DBC2B6C8238001DD7DF /* Features */,
				5A136D922B6C821E001DD7DF /* FitConnectApp.swift */,
				5A136D942B6C821E001DD7DF /* ContentView.swift */,
				5A136D962B6C821F001DD7DF /* Assets.xcassets */,
				E021D34B2B731E6D00F700D1 /* GoogleService-Info.plist */,
				5A136D982B6C821F001DD7DF /* Preview Content */,
				5AAD40BB2B9196EA005D13B5 /* .gitignore */,
			);
			path = FitConnect;
			sourceTree = "<group>";
		};
		5A136D982B6C821F001DD7DF /* Preview Content */ = {
			isa = PBXGroup;
			children = (
				5A136D992B6C821F001DD7DF /* Preview Assets.xcassets */,
			);
			path = "Preview Content";
			sourceTree = "<group>";
		};
		5A136DA22B6C821F001DD7DF /* FitConnectTests */ = {
			isa = PBXGroup;
			children = (
				5A136DA32B6C821F001DD7DF /* FitConnectTests.swift */,
			);
			path = FitConnectTests;
			sourceTree = "<group>";
		};
		5A136DAC2B6C821F001DD7DF /* FitConnectUITests */ = {
			isa = PBXGroup;
			children = (
				5A136DAD2B6C821F001DD7DF /* FitConnectUITests.swift */,
				5A136DAF2B6C821F001DD7DF /* FitConnectUITestsLaunchTests.swift */,
			);
			path = FitConnectUITests;
			sourceTree = "<group>";
		};
		5A136DBC2B6C8238001DD7DF /* Features */ = {
			isa = PBXGroup;
			children = (
				5AB378B22B6F3B940019B1D7 /* Dashboard */,
				5A136DC82B6C9CDE001DD7DF /* Auth */,
			);
			path = Features;
			sourceTree = "<group>";
		};
		5A136DC82B6C9CDE001DD7DF /* Auth */ = {
			isa = PBXGroup;
			children = (
				5A136E082B6D47B9001DD7DF /* SplashScreen */,
				5A136DCA2B6C9D06001DD7DF /* Register */,
				5A136DC92B6C9CFA001DD7DF /* Login */,
			);
			path = Auth;
			sourceTree = "<group>";
		};
		5A136DC92B6C9CFA001DD7DF /* Login */ = {
			isa = PBXGroup;
			children = (
				5A136DCB2B6C9DAD001DD7DF /* Login.swift */,
			);
			path = Login;
			sourceTree = "<group>";
		};
		5A136DCA2B6C9D06001DD7DF /* Register */ = {
			isa = PBXGroup;
			children = (
				5A136DCD2B6D25CF001DD7DF /* Register.swift */,
			);
			path = Register;
			sourceTree = "<group>";
		};
		5A136E052B6D4566001DD7DF /* Utilities */ = {
			isa = PBXGroup;
			children = (
				5A136E062B6D4578001DD7DF /* Color+Hex.swift */,
				5A8ECB282B7DD36000D43B74 /* Formatter.swift */,
			);
			path = Utilities;
			sourceTree = "<group>";
		};
		5A136E082B6D47B9001DD7DF /* SplashScreen */ = {
			isa = PBXGroup;
			children = (
				5A136E092B6D47D0001DD7DF /* SplashScreen.swift */,
			);
			path = SplashScreen;
			sourceTree = "<group>";
		};
		5A20FB6C2B83F8020086E00D /* MacroView */ = {
			isa = PBXGroup;
			children = (
				5A8ECB2A2B7DD6E600D43B74 /* MacroView.swift */,
				5A20FB6D2B83F8FA0086E00D /* AddMacro.swift */,
				5A7967682B96D40C0081C881 /* MacroLimit.swift */,
				5AB712DC2BA617E5000E4E89 /* DailyView.swift */,
				5AB712DE2BA618E6000E4E89 /* WeeklyView.swift */,
				5AB712E02BA61923000E4E89 /* MonthlyView.swift */,
				5AFC35BF2BAA8BF900831B27 /* AddWeight.swift */,
			);
			path = MacroView;
			sourceTree = "<group>";
		};
		5A3C618B2B76934A0051DB9C /* Class */ = {
			isa = PBXGroup;
			children = (
				5A3C618C2B76935C0051DB9C /* UserState.swift */,
				5A8ECB1F2B7DC72600D43B74 /* MacroRequestModel.swift */,
				5A8ECB212B7DC73700D43B74 /* MacroResponseModel.swift */,
				5A8ECB262B7DC7DC00D43B74 /* Secrets.swift */,
				5A20FB712B8419DA0086E00D /*  FitConnectData.swift */,
			);
			path = Class;
			sourceTree = "<group>";
		};
		5A8ECB232B7DC76E00D43B74 /* Services */ = {
			isa = PBXGroup;
			children = (
				5A8ECB242B7DC7B300D43B74 /* MacroOpenAIService.swift */,
			);
			path = Services;
			sourceTree = "<group>";
		};
		5AB378AF2B6ECD010019B1D7 /* Shared */ = {
			isa = PBXGroup;
			children = (
				5AB378B02B6ECD1E0019B1D7 /* FCTextField.swift */,
				5A20FB6F2B8414C20086E00D /* CircularProgressBar.swift */,
				5AB712E32BA639B5000E4E89 /* ChartViewWrapper.swift */,
			);
			path = Shared;
			sourceTree = "<group>";
		};
		5AB378B22B6F3B940019B1D7 /* Dashboard */ = {
			isa = PBXGroup;
			children = (
				7DED4B672B7DB66B0017935F /* HealthManager */,
				7DED4B642B7DAFBE0017935F /* ActivityCard */,
				7DED4B5B2B7DADA40017935F /* Views */,
				7DED4B562B7DAC820017935F /* TabView */,
				5AB378B32B6F3BAB0019B1D7 /* Dashboard.swift */,
			);
			path = Dashboard;
			sourceTree = "<group>";
		};
		7D2606882BA9356A003982B4 /* Chart */ = {
			isa = PBXGroup;
			children = (
				7D2606892BA93576003982B4 /* ChartView.swift */,
			);
			path = Chart;
			sourceTree = "<group>";
		};
		7D48BCC42BA28357009A0CE8 /* UserProfileView */ = {
			isa = PBXGroup;
			children = (
				7D48BCC52BA28365009A0CE8 /* UserProfileView.swift */,
				7D48BCC72BA2853D009A0CE8 /* UpdateProfileView.swift */,
			);
			path = UserProfileView;
			sourceTree = "<group>";
		};
		7DB011A22B994D8000235245 /* Home */ = {
			isa = PBXGroup;
			children = (
				7DB011AB2B994E3E00235245 /* IndexView.swift */,
				7DB011AD2B994E6B00235245 /* DetailView.swift */,
				7DB011AF2B994E8400235245 /* CardView.swift */,
				7DB011B12B994E9A00235245 /* Data.swift */,
				7DB011B42B99516D00235245 /* YTView.swift */,
			);
			path = Home;
			sourceTree = "<group>";
		};
		7DED4B562B7DAC820017935F /* TabView */ = {
			isa = PBXGroup;
			children = (
				7DED4B622B7DAEB10017935F /* AppTabView.swift */,
			);
			path = TabView;
			sourceTree = "<group>";
		};
		7DED4B5B2B7DADA40017935F /* Views */ = {
			isa = PBXGroup;
			children = (
				7D2606882BA9356A003982B4 /* Chart */,
				7D48BCC42BA28357009A0CE8 /* UserProfileView */,
				7DB011A22B994D8000235245 /* Home */,
				5A20FB6C2B83F8020086E00D /* MacroView */,
				7DED4B5C2B7DADAD0017935F /* HomeView.swift */,
				7D5BE0C92BB11DF500DB9991 /* TotalActivityPage.swift */,
				7DED4B5E2B7DAE340017935F /* UserView.swift */,
				7DED4B602B7DAE410017935F /* ActivityView.swift */,
				5AAD40B72B912575005D13B5 /* UserValues.swift */,
				5AFC35BD2BAA8A8700831B27 /* WeightTracker.swift */,
				7D113AD32BAE1AB000F9ABA2 /* ChatBotView.swift */,
			);
			path = Views;
			sourceTree = "<group>";
		};
		7DED4B642B7DAFBE0017935F /* ActivityCard */ = {
			isa = PBXGroup;
			children = (
				7DED4B652B7DAFC90017935F /* ActivityCard.swift */,
			);
			path = ActivityCard;
			sourceTree = "<group>";
		};
		7DED4B672B7DB66B0017935F /* HealthManager */ = {
			isa = PBXGroup;
			children = (
				7DED4B682B7DB6790017935F /* HealthManager.swift */,
			);
			path = HealthManager;
			sourceTree = "<group>";
		};
/* End PBXGroup section */

/* Begin PBXNativeTarget section */
		5A136D8E2B6C821E001DD7DF /* FitConnect */ = {
			isa = PBXNativeTarget;
			buildConfigurationList = 5A136DB32B6C821F001DD7DF /* Build configuration list for PBXNativeTarget "FitConnect" */;
			buildPhases = (
				5A136D8B2B6C821E001DD7DF /* Sources */,
				5A136D8C2B6C821E001DD7DF /* Frameworks */,
				5A136D8D2B6C821E001DD7DF /* Resources */,
			);
			buildRules = (
			);
			dependencies = (
			);
			name = FitConnect;
			packageProductDependencies = (
				5A136DC02B6C856A001DD7DF /* FirebaseAnalytics */,
				5A136DC22B6C856A001DD7DF /* FirebaseAnalyticsSwift */,
				5A136DC42B6C856A001DD7DF /* FirebaseAuth */,
				5A136DC62B6C856A001DD7DF /* FirebaseFirestore */,
				7D113AD52BAE1BAF00F9ABA2 /* OpenAI */,
			);
			productName = FitConnect;
			productReference = 5A136D8F2B6C821E001DD7DF /* FitConnect.app */;
			productType = "com.apple.product-type.application";
		};
		5A136D9E2B6C821F001DD7DF /* FitConnectTests */ = {
			isa = PBXNativeTarget;
			buildConfigurationList = 5A136DB62B6C821F001DD7DF /* Build configuration list for PBXNativeTarget "FitConnectTests" */;
			buildPhases = (
				5A136D9B2B6C821F001DD7DF /* Sources */,
				5A136D9C2B6C821F001DD7DF /* Frameworks */,
				5A136D9D2B6C821F001DD7DF /* Resources */,
			);
			buildRules = (
			);
			dependencies = (
				5A136DA12B6C821F001DD7DF /* PBXTargetDependency */,
			);
			name = FitConnectTests;
			productName = FitConnectTests;
			productReference = 5A136D9F2B6C821F001DD7DF /* FitConnectTests.xctest */;
			productType = "com.apple.product-type.bundle.unit-test";
		};
		5A136DA82B6C821F001DD7DF /* FitConnectUITests */ = {
			isa = PBXNativeTarget;
			buildConfigurationList = 5A136DB92B6C821F001DD7DF /* Build configuration list for PBXNativeTarget "FitConnectUITests" */;
			buildPhases = (
				5A136DA52B6C821F001DD7DF /* Sources */,
				5A136DA62B6C821F001DD7DF /* Frameworks */,
				5A136DA72B6C821F001DD7DF /* Resources */,
			);
			buildRules = (
			);
			dependencies = (
				5A136DAB2B6C821F001DD7DF /* PBXTargetDependency */,
			);
			name = FitConnectUITests;
			productName = FitConnectUITests;
			productReference = 5A136DA92B6C821F001DD7DF /* FitConnectUITests.xctest */;
			productType = "com.apple.product-type.bundle.ui-testing";
		};
/* End PBXNativeTarget section */

/* Begin PBXProject section */
		5A136D872B6C821E001DD7DF /* Project object */ = {
			isa = PBXProject;
			attributes = {
				BuildIndependentTargetsInParallel = 1;
				LastSwiftUpdateCheck = 1520;
				LastUpgradeCheck = 1520;
				TargetAttributes = {
					5A136D8E2B6C821E001DD7DF = {
						CreatedOnToolsVersion = 15.2;
					};
					5A136D9E2B6C821F001DD7DF = {
						CreatedOnToolsVersion = 15.2;
						TestTargetID = 5A136D8E2B6C821E001DD7DF;
					};
					5A136DA82B6C821F001DD7DF = {
						CreatedOnToolsVersion = 15.2;
						TestTargetID = 5A136D8E2B6C821E001DD7DF;
					};
				};
			};
			buildConfigurationList = 5A136D8A2B6C821E001DD7DF /* Build configuration list for PBXProject "FitConnect" */;
			compatibilityVersion = "Xcode 14.0";
			developmentRegion = en;
			hasScannedForEncodings = 0;
			knownRegions = (
				en,
				Base,
			);
			mainGroup = 5A136D862B6C821E001DD7DF;
			packageReferences = (
				5A136DBF2B6C856A001DD7DF /* XCRemoteSwiftPackageReference "firebase-ios-sdk" */,
				5AB712E22BA63843000E4E89 /* XCRemoteSwiftPackageReference "Charts" */,
				7D113AD22BAE1A6D00F9ABA2 /* XCRemoteSwiftPackageReference "OpenAI" */,
			);
			productRefGroup = 5A136D902B6C821E001DD7DF /* Products */;
			projectDirPath = "";
			projectRoot = "";
			targets = (
				5A136D8E2B6C821E001DD7DF /* FitConnect */,
				5A136D9E2B6C821F001DD7DF /* FitConnectTests */,
				5A136DA82B6C821F001DD7DF /* FitConnectUITests */,
			);
		};
/* End PBXProject section */

/* Begin PBXResourcesBuildPhase section */
		5A136D8D2B6C821E001DD7DF /* Resources */ = {
			isa = PBXResourcesBuildPhase;
			buildActionMask = 2147483647;
			files = (
				5AAD40BC2B9196EA005D13B5 /* .gitignore in Resources */,
				5A136D9A2B6C821F001DD7DF /* Preview Assets.xcassets in Resources */,
				5A136D972B6C821F001DD7DF /* Assets.xcassets in Resources */,
				E021D34C2B731E6D00F700D1 /* GoogleService-Info.plist in Resources */,
			);
			runOnlyForDeploymentPostprocessing = 0;
		};
		5A136D9D2B6C821F001DD7DF /* Resources */ = {
			isa = PBXResourcesBuildPhase;
			buildActionMask = 2147483647;
			files = (
			);
			runOnlyForDeploymentPostprocessing = 0;
		};
		5A136DA72B6C821F001DD7DF /* Resources */ = {
			isa = PBXResourcesBuildPhase;
			buildActionMask = 2147483647;
			files = (
			);
			runOnlyForDeploymentPostprocessing = 0;
		};
/* End PBXResourcesBuildPhase section */

/* Begin PBXSourcesBuildPhase section */
		5A136D8B2B6C821E001DD7DF /* Sources */ = {
			isa = PBXSourcesBuildPhase;
			buildActionMask = 2147483647;
			files = (
				5AB712DD2BA617E5000E4E89 /* DailyView.swift in Sources */,
				5A7967692B96D40C0081C881 /* MacroLimit.swift in Sources */,
				7DB011B52B99516D00235245 /* YTView.swift in Sources */,
				5A8ECB272B7DC7DC00D43B74 /* Secrets.swift in Sources */,
				5AFC35BE2BAA8A8700831B27 /* WeightTracker.swift in Sources */,
				5A3C618D2B76935C0051DB9C /* UserState.swift in Sources */,
				5A8ECB292B7DD36000D43B74 /* Formatter.swift in Sources */,
				7DED4B612B7DAE410017935F /* ActivityView.swift in Sources */,
				5A136E0A2B6D47D0001DD7DF /* SplashScreen.swift in Sources */,
				7DED4B632B7DAEB10017935F /* AppTabView.swift in Sources */,
				7DED4B692B7DB6790017935F /* HealthManager.swift in Sources */,
				5A136E072B6D4578001DD7DF /* Color+Hex.swift in Sources */,
				7D5BE0CA2BB11DF500DB9991 /* TotalActivityPage.swift in Sources */,
				7DB011B02B994E8400235245 /* CardView.swift in Sources */,
				5A20FB722B8419DA0086E00D /*  FitConnectData.swift in Sources */,
				5A8ECB252B7DC7B300D43B74 /* MacroOpenAIService.swift in Sources */,
				5AB378B42B6F3BAB0019B1D7 /* Dashboard.swift in Sources */,
				7DB011B22B994E9A00235245 /* Data.swift in Sources */,
				7DB011AC2B994E3E00235245 /* IndexView.swift in Sources */,
				5AB712DF2BA618E6000E4E89 /* WeeklyView.swift in Sources */,
				5A20FB6E2B83F8FA0086E00D /* AddMacro.swift in Sources */,
				7DED4B5D2B7DADAD0017935F /* HomeView.swift in Sources */,
				7DB011AE2B994E6B00235245 /* DetailView.swift in Sources */,
				5AB378B12B6ECD1F0019B1D7 /* FCTextField.swift in Sources */,
				5A20FB702B8414C20086E00D /* CircularProgressBar.swift in Sources */,
				7DED4B5F2B7DAE340017935F /* UserView.swift in Sources */,
				5A8ECB2B2B7DD6E600D43B74 /* MacroView.swift in Sources */,
				7D48BCC82BA2853D009A0CE8 /* UpdateProfileView.swift in Sources */,
				5AFC35C02BAA8BF900831B27 /* AddWeight.swift in Sources */,
				5A136DCC2B6C9DAD001DD7DF /* Login.swift in Sources */,
				5A136DCE2B6D25CF001DD7DF /* Register.swift in Sources */,
				5A136D952B6C821E001DD7DF /* ContentView.swift in Sources */,
				7D26068A2BA93576003982B4 /* ChartView.swift in Sources */,
				7DED4B662B7DAFC90017935F /* ActivityCard.swift in Sources */,
				5AB712E12BA61923000E4E89 /* MonthlyView.swift in Sources */,
				7D48BCC62BA28365009A0CE8 /* UserProfileView.swift in Sources */,
				5AAD40B82B912575005D13B5 /* UserValues.swift in Sources */,
				5A8ECB202B7DC72600D43B74 /* MacroRequestModel.swift in Sources */,
				5A8ECB222B7DC73700D43B74 /* MacroResponseModel.swift in Sources */,
				5A136D932B6C821E001DD7DF /* FitConnectApp.swift in Sources */,
				7D113AD42BAE1AB000F9ABA2 /* ChatBotView.swift in Sources */,
				5AB712E42BA639B5000E4E89 /* ChartViewWrapper.swift in Sources */,
			);
			runOnlyForDeploymentPostprocessing = 0;
		};
		5A136D9B2B6C821F001DD7DF /* Sources */ = {
			isa = PBXSourcesBuildPhase;
			buildActionMask = 2147483647;
			files = (
				5A136DA42B6C821F001DD7DF /* FitConnectTests.swift in Sources */,
			);
			runOnlyForDeploymentPostprocessing = 0;
		};
		5A136DA52B6C821F001DD7DF /* Sources */ = {
			isa = PBXSourcesBuildPhase;
			buildActionMask = 2147483647;
			files = (
				5A136DAE2B6C821F001DD7DF /* FitConnectUITests.swift in Sources */,
				5A136DB02B6C821F001DD7DF /* FitConnectUITestsLaunchTests.swift in Sources */,
			);
			runOnlyForDeploymentPostprocessing = 0;
		};
/* End PBXSourcesBuildPhase section */

/* Begin PBXTargetDependency section */
		5A136DA12B6C821F001DD7DF /* PBXTargetDependency */ = {
			isa = PBXTargetDependency;
			target = 5A136D8E2B6C821E001DD7DF /* FitConnect */;
			targetProxy = 5A136DA02B6C821F001DD7DF /* PBXContainerItemProxy */;
		};
		5A136DAB2B6C821F001DD7DF /* PBXTargetDependency */ = {
			isa = PBXTargetDependency;
			target = 5A136D8E2B6C821E001DD7DF /* FitConnect */;
			targetProxy = 5A136DAA2B6C821F001DD7DF /* PBXContainerItemProxy */;
		};
/* End PBXTargetDependency section */

/* Begin XCBuildConfiguration section */
		5A136DB12B6C821F001DD7DF /* Debug */ = {
			isa = XCBuildConfiguration;
			buildSettings = {
				ALWAYS_SEARCH_USER_PATHS = NO;
				ASSETCATALOG_COMPILER_GENERATE_SWIFT_ASSET_SYMBOL_EXTENSIONS = YES;
				CLANG_ANALYZER_NONNULL = YES;
				CLANG_ANALYZER_NUMBER_OBJECT_CONVERSION = YES_AGGRESSIVE;
				CLANG_CXX_LANGUAGE_STANDARD = "gnu++20";
				CLANG_ENABLE_MODULES = YES;
				CLANG_ENABLE_OBJC_ARC = YES;
				CLANG_ENABLE_OBJC_WEAK = YES;
				CLANG_WARN_BLOCK_CAPTURE_AUTORELEASING = YES;
				CLANG_WARN_BOOL_CONVERSION = YES;
				CLANG_WARN_COMMA = YES;
				CLANG_WARN_CONSTANT_CONVERSION = YES;
				CLANG_WARN_DEPRECATED_OBJC_IMPLEMENTATIONS = YES;
				CLANG_WARN_DIRECT_OBJC_ISA_USAGE = YES_ERROR;
				CLANG_WARN_DOCUMENTATION_COMMENTS = YES;
				CLANG_WARN_EMPTY_BODY = YES;
				CLANG_WARN_ENUM_CONVERSION = YES;
				CLANG_WARN_INFINITE_RECURSION = YES;
				CLANG_WARN_INT_CONVERSION = YES;
				CLANG_WARN_NON_LITERAL_NULL_CONVERSION = YES;
				CLANG_WARN_OBJC_IMPLICIT_RETAIN_SELF = YES;
				CLANG_WARN_OBJC_LITERAL_CONVERSION = YES;
				CLANG_WARN_OBJC_ROOT_CLASS = YES_ERROR;
				CLANG_WARN_QUOTED_INCLUDE_IN_FRAMEWORK_HEADER = YES;
				CLANG_WARN_RANGE_LOOP_ANALYSIS = YES;
				CLANG_WARN_STRICT_PROTOTYPES = YES;
				CLANG_WARN_SUSPICIOUS_MOVE = YES;
				CLANG_WARN_UNGUARDED_AVAILABILITY = YES_AGGRESSIVE;
				CLANG_WARN_UNREACHABLE_CODE = YES;
				CLANG_WARN__DUPLICATE_METHOD_MATCH = YES;
				COPY_PHASE_STRIP = NO;
				DEBUG_INFORMATION_FORMAT = dwarf;
				ENABLE_STRICT_OBJC_MSGSEND = YES;
				ENABLE_TESTABILITY = YES;
				ENABLE_USER_SCRIPT_SANDBOXING = YES;
				GCC_C_LANGUAGE_STANDARD = gnu17;
				GCC_DYNAMIC_NO_PIC = NO;
				GCC_NO_COMMON_BLOCKS = YES;
				GCC_OPTIMIZATION_LEVEL = 0;
				GCC_PREPROCESSOR_DEFINITIONS = (
					"DEBUG=1",
					"$(inherited)",
				);
				GCC_WARN_64_TO_32_BIT_CONVERSION = YES;
				GCC_WARN_ABOUT_RETURN_TYPE = YES_ERROR;
				GCC_WARN_UNDECLARED_SELECTOR = YES;
				GCC_WARN_UNINITIALIZED_AUTOS = YES_AGGRESSIVE;
				GCC_WARN_UNUSED_FUNCTION = YES;
				GCC_WARN_UNUSED_VARIABLE = YES;
				IPHONEOS_DEPLOYMENT_TARGET = 17.2;
				LOCALIZATION_PREFERS_STRING_CATALOGS = YES;
				MTL_ENABLE_DEBUG_INFO = INCLUDE_SOURCE;
				MTL_FAST_MATH = YES;
				ONLY_ACTIVE_ARCH = YES;
				SDKROOT = iphoneos;
				SWIFT_ACTIVE_COMPILATION_CONDITIONS = "DEBUG $(inherited)";
				SWIFT_OPTIMIZATION_LEVEL = "-Onone";
			};
			name = Debug;
		};
		5A136DB22B6C821F001DD7DF /* Release */ = {
			isa = XCBuildConfiguration;
			buildSettings = {
				ALWAYS_SEARCH_USER_PATHS = NO;
				ASSETCATALOG_COMPILER_GENERATE_SWIFT_ASSET_SYMBOL_EXTENSIONS = YES;
				CLANG_ANALYZER_NONNULL = YES;
				CLANG_ANALYZER_NUMBER_OBJECT_CONVERSION = YES_AGGRESSIVE;
				CLANG_CXX_LANGUAGE_STANDARD = "gnu++20";
				CLANG_ENABLE_MODULES = YES;
				CLANG_ENABLE_OBJC_ARC = YES;
				CLANG_ENABLE_OBJC_WEAK = YES;
				CLANG_WARN_BLOCK_CAPTURE_AUTORELEASING = YES;
				CLANG_WARN_BOOL_CONVERSION = YES;
				CLANG_WARN_COMMA = YES;
				CLANG_WARN_CONSTANT_CONVERSION = YES;
				CLANG_WARN_DEPRECATED_OBJC_IMPLEMENTATIONS = YES;
				CLANG_WARN_DIRECT_OBJC_ISA_USAGE = YES_ERROR;
				CLANG_WARN_DOCUMENTATION_COMMENTS = YES;
				CLANG_WARN_EMPTY_BODY = YES;
				CLANG_WARN_ENUM_CONVERSION = YES;
				CLANG_WARN_INFINITE_RECURSION = YES;
				CLANG_WARN_INT_CONVERSION = YES;
				CLANG_WARN_NON_LITERAL_NULL_CONVERSION = YES;
				CLANG_WARN_OBJC_IMPLICIT_RETAIN_SELF = YES;
				CLANG_WARN_OBJC_LITERAL_CONVERSION = YES;
				CLANG_WARN_OBJC_ROOT_CLASS = YES_ERROR;
				CLANG_WARN_QUOTED_INCLUDE_IN_FRAMEWORK_HEADER = YES;
				CLANG_WARN_RANGE_LOOP_ANALYSIS = YES;
				CLANG_WARN_STRICT_PROTOTYPES = YES;
				CLANG_WARN_SUSPICIOUS_MOVE = YES;
				CLANG_WARN_UNGUARDED_AVAILABILITY = YES_AGGRESSIVE;
				CLANG_WARN_UNREACHABLE_CODE = YES;
				CLANG_WARN__DUPLICATE_METHOD_MATCH = YES;
				COPY_PHASE_STRIP = NO;
				DEBUG_INFORMATION_FORMAT = "dwarf-with-dsym";
				ENABLE_NS_ASSERTIONS = NO;
				ENABLE_STRICT_OBJC_MSGSEND = YES;
				ENABLE_USER_SCRIPT_SANDBOXING = YES;
				GCC_C_LANGUAGE_STANDARD = gnu17;
				GCC_NO_COMMON_BLOCKS = YES;
				GCC_WARN_64_TO_32_BIT_CONVERSION = YES;
				GCC_WARN_ABOUT_RETURN_TYPE = YES_ERROR;
				GCC_WARN_UNDECLARED_SELECTOR = YES;
				GCC_WARN_UNINITIALIZED_AUTOS = YES_AGGRESSIVE;
				GCC_WARN_UNUSED_FUNCTION = YES;
				GCC_WARN_UNUSED_VARIABLE = YES;
				IPHONEOS_DEPLOYMENT_TARGET = 17.2;
				LOCALIZATION_PREFERS_STRING_CATALOGS = YES;
				MTL_ENABLE_DEBUG_INFO = NO;
				MTL_FAST_MATH = YES;
				SDKROOT = iphoneos;
				SWIFT_COMPILATION_MODE = wholemodule;
				VALIDATE_PRODUCT = YES;
			};
			name = Release;
		};
		5A136DB42B6C821F001DD7DF /* Debug */ = {
			isa = XCBuildConfiguration;
			buildSettings = {
				ASSETCATALOG_COMPILER_APPICON_NAME = AppIcon;
				ASSETCATALOG_COMPILER_GLOBAL_ACCENT_COLOR_NAME = AccentColor;
				CODE_SIGN_ENTITLEMENTS = FitConnect/FitConnect.entitlements;
				CODE_SIGN_STYLE = Automatic;
				CURRENT_PROJECT_VERSION = 1;
				DEVELOPMENT_ASSET_PATHS = "\"FitConnect/Preview Content\"";
				ENABLE_PREVIEWS = YES;
				GENERATE_INFOPLIST_FILE = YES;
				INFOPLIST_FILE = FitConnect/Info.plist;
				INFOPLIST_KEY_NSHealthShareUsageDescription = "Please allow access to enjoy all the features of our application";
				INFOPLIST_KEY_UIApplicationSceneManifest_Generation = YES;
				INFOPLIST_KEY_UIApplicationSupportsIndirectInputEvents = YES;
				INFOPLIST_KEY_UILaunchScreen_Generation = YES;
				INFOPLIST_KEY_UISupportedInterfaceOrientations = UIInterfaceOrientationPortrait;
				LD_RUNPATH_SEARCH_PATHS = (
					"$(inherited)",
					"@executable_path/Frameworks",
				);
				MARKETING_VERSION = 1.0;
				PRODUCT_BUNDLE_IDENTIFIER = com.team.FitConnect;
				PRODUCT_NAME = "$(TARGET_NAME)";
				SWIFT_EMIT_LOC_STRINGS = YES;
				SWIFT_VERSION = 5.0;
				TARGETED_DEVICE_FAMILY = "1,2";
			};
			name = Debug;
		};
		5A136DB52B6C821F001DD7DF /* Release */ = {
			isa = XCBuildConfiguration;
			buildSettings = {
				ASSETCATALOG_COMPILER_APPICON_NAME = AppIcon;
				ASSETCATALOG_COMPILER_GLOBAL_ACCENT_COLOR_NAME = AccentColor;
				CODE_SIGN_ENTITLEMENTS = FitConnect/FitConnect.entitlements;
				CODE_SIGN_STYLE = Automatic;
				CURRENT_PROJECT_VERSION = 1;
				DEVELOPMENT_ASSET_PATHS = "\"FitConnect/Preview Content\"";
				ENABLE_PREVIEWS = YES;
				GENERATE_INFOPLIST_FILE = YES;
				INFOPLIST_FILE = FitConnect/Info.plist;
				INFOPLIST_KEY_NSHealthShareUsageDescription = "Please allow access to enjoy all the features of our application";
				INFOPLIST_KEY_UIApplicationSceneManifest_Generation = YES;
				INFOPLIST_KEY_UIApplicationSupportsIndirectInputEvents = YES;
				INFOPLIST_KEY_UILaunchScreen_Generation = YES;
				INFOPLIST_KEY_UISupportedInterfaceOrientations = UIInterfaceOrientationPortrait;
				LD_RUNPATH_SEARCH_PATHS = (
					"$(inherited)",
					"@executable_path/Frameworks",
				);
				MARKETING_VERSION = 1.0;
				PRODUCT_BUNDLE_IDENTIFIER = com.team.FitConnect;
				PRODUCT_NAME = "$(TARGET_NAME)";
				SWIFT_EMIT_LOC_STRINGS = YES;
				SWIFT_VERSION = 5.0;
				TARGETED_DEVICE_FAMILY = "1,2";
			};
			name = Release;
		};
		5A136DB72B6C821F001DD7DF /* Debug */ = {
			isa = XCBuildConfiguration;
			buildSettings = {
				ALWAYS_EMBED_SWIFT_STANDARD_LIBRARIES = YES;
				BUNDLE_LOADER = "$(TEST_HOST)";
				CODE_SIGN_STYLE = Automatic;
				CURRENT_PROJECT_VERSION = 1;
				GENERATE_INFOPLIST_FILE = YES;
				IPHONEOS_DEPLOYMENT_TARGET = 17.2;
				MARKETING_VERSION = 1.0;
				PRODUCT_BUNDLE_IDENTIFIER = com.team.FitConnectTests;
				PRODUCT_NAME = "$(TARGET_NAME)";
				SWIFT_EMIT_LOC_STRINGS = NO;
				SWIFT_VERSION = 5.0;
				TARGETED_DEVICE_FAMILY = "1,2";
				TEST_HOST = "$(BUILT_PRODUCTS_DIR)/FitConnect.app/$(BUNDLE_EXECUTABLE_FOLDER_PATH)/FitConnect";
			};
			name = Debug;
		};
		5A136DB82B6C821F001DD7DF /* Release */ = {
			isa = XCBuildConfiguration;
			buildSettings = {
				ALWAYS_EMBED_SWIFT_STANDARD_LIBRARIES = YES;
				BUNDLE_LOADER = "$(TEST_HOST)";
				CODE_SIGN_STYLE = Automatic;
				CURRENT_PROJECT_VERSION = 1;
				GENERATE_INFOPLIST_FILE = YES;
				IPHONEOS_DEPLOYMENT_TARGET = 17.2;
				MARKETING_VERSION = 1.0;
				PRODUCT_BUNDLE_IDENTIFIER = com.team.FitConnectTests;
				PRODUCT_NAME = "$(TARGET_NAME)";
				SWIFT_EMIT_LOC_STRINGS = NO;
				SWIFT_VERSION = 5.0;
				TARGETED_DEVICE_FAMILY = "1,2";
				TEST_HOST = "$(BUILT_PRODUCTS_DIR)/FitConnect.app/$(BUNDLE_EXECUTABLE_FOLDER_PATH)/FitConnect";
			};
			name = Release;
		};
		5A136DBA2B6C821F001DD7DF /* Debug */ = {
			isa = XCBuildConfiguration;
			buildSettings = {
				ALWAYS_EMBED_SWIFT_STANDARD_LIBRARIES = YES;
				CODE_SIGN_STYLE = Automatic;
				CURRENT_PROJECT_VERSION = 1;
				GENERATE_INFOPLIST_FILE = YES;
				MARKETING_VERSION = 1.0;
				PRODUCT_BUNDLE_IDENTIFIER = com.team.FitConnectUITests;
				PRODUCT_NAME = "$(TARGET_NAME)";
				SWIFT_EMIT_LOC_STRINGS = NO;
				SWIFT_VERSION = 5.0;
				TARGETED_DEVICE_FAMILY = "1,2";
				TEST_TARGET_NAME = FitConnect;
			};
			name = Debug;
		};
		5A136DBB2B6C821F001DD7DF /* Release */ = {
			isa = XCBuildConfiguration;
			buildSettings = {
				ALWAYS_EMBED_SWIFT_STANDARD_LIBRARIES = YES;
				CODE_SIGN_STYLE = Automatic;
				CURRENT_PROJECT_VERSION = 1;
				GENERATE_INFOPLIST_FILE = YES;
				MARKETING_VERSION = 1.0;
				PRODUCT_BUNDLE_IDENTIFIER = com.team.FitConnectUITests;
				PRODUCT_NAME = "$(TARGET_NAME)";
				SWIFT_EMIT_LOC_STRINGS = NO;
				SWIFT_VERSION = 5.0;
				TARGETED_DEVICE_FAMILY = "1,2";
				TEST_TARGET_NAME = FitConnect;
			};
			name = Release;
		};
/* End XCBuildConfiguration section */

/* Begin XCConfigurationList section */
		5A136D8A2B6C821E001DD7DF /* Build configuration list for PBXProject "FitConnect" */ = {
			isa = XCConfigurationList;
			buildConfigurations = (
				5A136DB12B6C821F001DD7DF /* Debug */,
				5A136DB22B6C821F001DD7DF /* Release */,
			);
			defaultConfigurationIsVisible = 0;
			defaultConfigurationName = Release;
		};
		5A136DB32B6C821F001DD7DF /* Build configuration list for PBXNativeTarget "FitConnect" */ = {
			isa = XCConfigurationList;
			buildConfigurations = (
				5A136DB42B6C821F001DD7DF /* Debug */,
				5A136DB52B6C821F001DD7DF /* Release */,
			);
			defaultConfigurationIsVisible = 0;
			defaultConfigurationName = Release;
		};
		5A136DB62B6C821F001DD7DF /* Build configuration list for PBXNativeTarget "FitConnectTests" */ = {
			isa = XCConfigurationList;
			buildConfigurations = (
				5A136DB72B6C821F001DD7DF /* Debug */,
				5A136DB82B6C821F001DD7DF /* Release */,
			);
			defaultConfigurationIsVisible = 0;
			defaultConfigurationName = Release;
		};
		5A136DB92B6C821F001DD7DF /* Build configuration list for PBXNativeTarget "FitConnectUITests" */ = {
			isa = XCConfigurationList;
			buildConfigurations = (
				5A136DBA2B6C821F001DD7DF /* Debug */,
				5A136DBB2B6C821F001DD7DF /* Release */,
			);
			defaultConfigurationIsVisible = 0;
			defaultConfigurationName = Release;
		};
/* End XCConfigurationList section */

/* Begin XCRemoteSwiftPackageReference section */
		5A136DBF2B6C856A001DD7DF /* XCRemoteSwiftPackageReference "firebase-ios-sdk" */ = {
			isa = XCRemoteSwiftPackageReference;
			repositoryURL = "https://github.com/firebase/firebase-ios-sdk";
			requirement = {
				kind = upToNextMajorVersion;
				minimumVersion = 10.20.0;
			};
		};
		5AB712E22BA63843000E4E89 /* XCRemoteSwiftPackageReference "Charts" */ = {
			isa = XCRemoteSwiftPackageReference;
			repositoryURL = "https://github.com/danielgindi/Charts.git";
			requirement = {
				kind = upToNextMajorVersion;
				minimumVersion = 5.1.0;
			};
		};
		7D113AD22BAE1A6D00F9ABA2 /* XCRemoteSwiftPackageReference "OpenAI" */ = {
			isa = XCRemoteSwiftPackageReference;
			repositoryURL = "https://github.com/MacPaw/OpenAI.git";
			requirement = {
				kind = upToNextMajorVersion;
				minimumVersion = 0.2.6;
			};
		};
/* End XCRemoteSwiftPackageReference section */

/* Begin XCSwiftPackageProductDependency section */
		5A136DC02B6C856A001DD7DF /* FirebaseAnalytics */ = {
			isa = XCSwiftPackageProductDependency;
			package = 5A136DBF2B6C856A001DD7DF /* XCRemoteSwiftPackageReference "firebase-ios-sdk" */;
			productName = FirebaseAnalytics;
		};
		5A136DC22B6C856A001DD7DF /* FirebaseAnalyticsSwift */ = {
			isa = XCSwiftPackageProductDependency;
			package = 5A136DBF2B6C856A001DD7DF /* XCRemoteSwiftPackageReference "firebase-ios-sdk" */;
			productName = FirebaseAnalyticsSwift;
		};
		5A136DC42B6C856A001DD7DF /* FirebaseAuth */ = {
			isa = XCSwiftPackageProductDependency;
			package = 5A136DBF2B6C856A001DD7DF /* XCRemoteSwiftPackageReference "firebase-ios-sdk" */;
			productName = FirebaseAuth;
		};
		5A136DC62B6C856A001DD7DF /* FirebaseFirestore */ = {
			isa = XCSwiftPackageProductDependency;
			package = 5A136DBF2B6C856A001DD7DF /* XCRemoteSwiftPackageReference "firebase-ios-sdk" */;
			productName = FirebaseFirestore;
		};
		7D113AD52BAE1BAF00F9ABA2 /* OpenAI */ = {
			isa = XCSwiftPackageProductDependency;
			package = 7D113AD22BAE1A6D00F9ABA2 /* XCRemoteSwiftPackageReference "OpenAI" */;
			productName = OpenAI;
		};
/* End XCSwiftPackageProductDependency section */
	};
	rootObject = 5A136D872B6C821E001DD7DF /* Project object */;
}
